
Microsoft Visual Studio Solution File, Format Version 12.00
# Visual Studio 14
VisualStudioVersion = 14.0.23107.0
MinimumVisualStudioVersion = 10.0.40219.1
Project("{FAE04EC0-301F-11D3-BF4B-00C04F79EFBC}") = "soji", "soji\soji.csproj", "{A558CFF0-C1E0-4471-ADEE-57667AC0A542}"
EndProject
Project("{FAE04EC0-301F-11D3-BF4B-00C04F79EFBC}") = "soji.Test", "soji.Test\soji.Test.csproj", "{1821DD59-4598-491B-ACBD-A92D2A26F3C5}"
EndProject
Project("{FAE04EC0-301F-11D3-BF4B-00C04F79EFBC}") = "soji.Core", "soji.Core\soji.Core.csproj", "{87A12466-64E9-4A4F-AC3E-2C1AC5264D71}"
EndProject
Global
	GlobalSection(SolutionConfigurationPlatforms) = preSolution
		Debug|Any CPU = Debug|Any CPU
		Release|Any CPU = Release|Any CPU
	EndGlobalSection
	GlobalSection(ProjectConfigurationPlatforms) = postSolution
		{A558CFF0-C1E0-4471-ADEE-57667AC0A542}.Debug|Any CPU.ActiveCfg = Debug|Any CPU
		{A558CFF0-C1E0-4471-ADEE-57667AC0A542}.Debug|Any CPU.Build.0 = Debug|Any CPU
		{A558CFF0-C1E0-4471-ADEE-57667AC0A542}.Release|Any CPU.ActiveCfg = Release|Any CPU
		{A558CFF0-C1E0-4471-ADEE-57667AC0A542}.Release|Any CPU.Build.0 = Release|Any CPU
		{1821DD59-4598-491B-ACBD-A92D2A26F3C5}.Debug|Any CPU.ActiveCfg = Debug|Any CPU
		{1821DD59-4598-491B-ACBD-A92D2A26F3C5}.Debug|Any CPU.Build.0 = Debug|Any CPU
		{1821DD59-4598-491B-ACBD-A92D2A26F3C5}.Release|Any CPU.ActiveCfg = Release|Any CPU
		{1821DD59-4598-491B-ACBD-A92D2A26F3C5}.Release|Any CPU.Build.0 = Release|Any CPU
		{87A12466-64E9-4A4F-AC3E-2C1AC5264D71}.Debug|Any CPU.ActiveCfg = Debug|Any CPU
		{87A12466-64E9-4A4F-AC3E-2C1AC5264D71}.Debug|Any CPU.Build.0 = Debug|Any CPU
		{87A12466-64E9-4A4F-AC3E-2C1AC5264D71}.Release|Any CPU.ActiveCfg = Release|Any CPU
		{87A12466-64E9-4A4F-AC3E-2C1AC5264D71}.Release|Any CPU.Build.0 = Release|Any CPU
	EndGlobalSection
	GlobalSection(SolutionProperties) = preSolution
		HideSolutionNode = FALSE
	EndGlobalSection
EndGlobal
